
Microsoft Visual Studio Solution File, Format Version 12.00
# Visual Studio 2013
VisualStudioVersion = 12.0.20623.1 VSUPREVIEW
MinimumVisualStudioVersion = 10.0.40219.1
Project("{FAE04EC0-301F-11D3-BF4B-00C04F79EFBC}") = "SoftwareEducativoLasEstrellas", "SoftwareEducativoLasEstrellas\SoftwareEducativoLasEstrellas.csproj", "{68D49F7B-BC2A-4FF9-8A07-EB7F120E35C1}"
EndProject
Project("{FAE04EC0-301F-11D3-BF4B-00C04F79EFBC}") = "SoftwareEducativoLasEstrellasTests", "SoftwareEducativoLasEstrellasTests\SoftwareEducativoLasEstrellasTests.csproj", "{FFDC3F5D-3957-4529-9678-C8A71AAEF11F}"
EndProject
Global
	GlobalSection(SolutionConfigurationPlatforms) = preSolution
		Debug|Any CPU = Debug|Any CPU
		Release|Any CPU = Release|Any CPU
	EndGlobalSection
	GlobalSection(ProjectConfigurationPlatforms) = postSolution
		{68D49F7B-BC2A-4FF9-8A07-EB7F120E35C1}.Debug|Any CPU.ActiveCfg = Debug|Any CPU
		{68D49F7B-BC2A-4FF9-8A07-EB7F120E35C1}.Debug|Any CPU.Build.0 = Debug|Any CPU
		{68D49F7B-BC2A-4FF9-8A07-EB7F120E35C1}.Release|Any CPU.ActiveCfg = Release|Any CPU
		{68D49F7B-BC2A-4FF9-8A07-EB7F120E35C1}.Release|Any CPU.Build.0 = Release|Any CPU
		{FFDC3F5D-3957-4529-9678-C8A71AAEF11F}.Debug|Any CPU.ActiveCfg = Debug|Any CPU
		{FFDC3F5D-3957-4529-9678-C8A71AAEF11F}.Debug|Any CPU.Build.0 = Debug|Any CPU
		{FFDC3F5D-3957-4529-9678-C8A71AAEF11F}.Release|Any CPU.ActiveCfg = Release|Any CPU
		{FFDC3F5D-3957-4529-9678-C8A71AAEF11F}.Release|Any CPU.Build.0 = Release|Any CPU
	EndGlobalSection
	GlobalSection(SolutionProperties) = preSolution
		HideSolutionNode = FALSE
	EndGlobalSection
EndGlobal
